
Microsoft Visual Studio Solution File, Format Version 12.00
# Visual Studio Version 17
VisualStudioVersion = 17.0.31903.59
MinimumVisualStudioVersion = 10.0.40219.1
Project("{FAE04EC0-301F-11D3-BF4B-00C04F79EFBC}") = "Modul5HW1", "Modul5HW1\Modul5HW1.csproj", "{80831782-D959-45B7-ABA5-1E1EE3007021}"
EndProject
Global
	GlobalSection(SolutionConfigurationPlatforms) = preSolution
		Debug|Any CPU = Debug|Any CPU
		Release|Any CPU = Release|Any CPU
	EndGlobalSection
	GlobalSection(ProjectConfigurationPlatforms) = postSolution
		{80831782-D959-45B7-ABA5-1E1EE3007021}.Debug|Any CPU.ActiveCfg = Debug|Any CPU
		{80831782-D959-45B7-ABA5-1E1EE3007021}.Debug|Any CPU.Build.0 = Debug|Any CPU
		{80831782-D959-45B7-ABA5-1E1EE3007021}.Release|Any CPU.ActiveCfg = Release|Any CPU
		{80831782-D959-45B7-ABA5-1E1EE3007021}.Release|Any CPU.Build.0 = Release|Any CPU
	EndGlobalSection
	GlobalSection(SolutionProperties) = preSolution
		HideSolutionNode = FALSE
	EndGlobalSection
	GlobalSection(ExtensibilityGlobals) = postSolution
		SolutionGuid = {CD8C210D-0475-4695-BBF0-444E51D5E5C3}
	EndGlobalSection
EndGlobal
